
Microsoft Visual Studio Solution File, Format Version 12.00
# Visual Studio Express 2012 for Windows Desktop
Project("{F184B08F-C81C-45F6-A57F-5ABD9991F28F}") = "TinySign", "TinySign\TinySign.vbproj", "{7FDA5780-9D64-41C9-9924-D3345CF2A1BD}"
EndProject
Global
	GlobalSection(SolutionConfigurationPlatforms) = preSolution
		Debug|Any CPU = Debug|Any CPU
		Release|Any CPU = Release|Any CPU
	EndGlobalSection
	GlobalSection(ProjectConfigurationPlatforms) = postSolution
		{7FDA5780-9D64-41C9-9924-D3345CF2A1BD}.Debug|Any CPU.ActiveCfg = Release|Any CPU
		{7FDA5780-9D64-41C9-9924-D3345CF2A1BD}.Debug|Any CPU.Build.0 = Release|Any CPU
		{7FDA5780-9D64-41C9-9924-D3345CF2A1BD}.Release|Any CPU.ActiveCfg = Release|Any CPU
		{7FDA5780-9D64-41C9-9924-D3345CF2A1BD}.Release|Any CPU.Build.0 = Release|Any CPU
	EndGlobalSection
	GlobalSection(SolutionProperties) = preSolution
		HideSolutionNode = FALSE
	EndGlobalSection
EndGlobal
